// !$*UTF8*$!
{
	archiveVersion = 1;
	classes = {
	};
	objectVersion = 50;
	objects = {

/* Begin PBXBuildFile section */
		093304A323F6702800FD55B9 /* AppDelegate.swift in Sources */ = {isa = PBXBuildFile; fileRef = 093304A223F6702800FD55B9 /* AppDelegate.swift */; };
		093304A523F6702800FD55B9 /* SceneDelegate.swift in Sources */ = {isa = PBXBuildFile; fileRef = 093304A423F6702800FD55B9 /* SceneDelegate.swift */; };
		093304A723F6702800FD55B9 /* ViewController.swift in Sources */ = {isa = PBXBuildFile; fileRef = 093304A623F6702800FD55B9 /* ViewController.swift */; };
		093304AA23F6702800FD55B9 /* Main.storyboard in Resources */ = {isa = PBXBuildFile; fileRef = 093304A823F6702800FD55B9 /* Main.storyboard */; };
		093304AC23F6702A00FD55B9 /* Assets.xcassets in Resources */ = {isa = PBXBuildFile; fileRef = 093304AB23F6702A00FD55B9 /* Assets.xcassets */; };
		093304AF23F6702A00FD55B9 /* LaunchScreen.storyboard in Resources */ = {isa = PBXBuildFile; fileRef = 093304AD23F6702A00FD55B9 /* LaunchScreen.storyboard */; };
		093304BA23F6702B00FD55B9 /* EthereumSignerDemoAppTests.swift in Sources */ = {isa = PBXBuildFile; fileRef = 093304B923F6702B00FD55B9 /* EthereumSignerDemoAppTests.swift */; };
		093304C523F6702B00FD55B9 /* EthereumSignerDemoAppUITests.swift in Sources */ = {isa = PBXBuildFile; fileRef = 093304C423F6702B00FD55B9 /* EthereumSignerDemoAppUITests.swift */; };
/* End PBXBuildFile section */

/* Begin PBXContainerItemProxy section */
		093304B623F6702A00FD55B9 /* PBXContainerItemProxy */ = {
			isa = PBXContainerItemProxy;
			containerPortal = 0933049723F6702800FD55B9 /* Project object */;
			proxyType = 1;
			remoteGlobalIDString = 0933049E23F6702800FD55B9;
			remoteInfo = EthereumSignerDemoApp;
		};
		093304C123F6702B00FD55B9 /* PBXContainerItemProxy */ = {
			isa = PBXContainerItemProxy;
			containerPortal = 0933049723F6702800FD55B9 /* Project object */;
			proxyType = 1;
			remoteGlobalIDString = 0933049E23F6702800FD55B9;
			remoteInfo = EthereumSignerDemoApp;
		};
/* End PBXContainerItemProxy section */

/* Begin PBXFileReference section */
		0933049F23F6702800FD55B9 /* EthereumSignerDemoApp.app */ = {isa = PBXFileReference; explicitFileType = wrapper.application; includeInIndex = 0; path = EthereumSignerDemoApp.app; sourceTree = BUILT_PRODUCTS_DIR; };
		093304A223F6702800FD55B9 /* AppDelegate.swift */ = {isa = PBXFileReference; lastKnownFileType = sourcecode.swift; path = AppDelegate.swift; sourceTree = "<group>"; };
		093304A423F6702800FD55B9 /* SceneDelegate.swift */ = {isa = PBXFileReference; lastKnownFileType = sourcecode.swift; path = SceneDelegate.swift; sourceTree = "<group>"; };
		093304A623F6702800FD55B9 /* ViewController.swift */ = {isa = PBXFileReference; lastKnownFileType = sourcecode.swift; path = ViewController.swift; sourceTree = "<group>"; };
		093304A923F6702800FD55B9 /* Base */ = {isa = PBXFileReference; lastKnownFileType = file.storyboard; name = Base; path = Base.lproj/Main.storyboard; sourceTree = "<group>"; };
		093304AB23F6702A00FD55B9 /* Assets.xcassets */ = {isa = PBXFileReference; lastKnownFileType = folder.assetcatalog; path = Assets.xcassets; sourceTree = "<group>"; };
		093304AE23F6702A00FD55B9 /* Base */ = {isa = PBXFileReference; lastKnownFileType = file.storyboard; name = Base; path = Base.lproj/LaunchScreen.storyboard; sourceTree = "<group>"; };
		093304B023F6702A00FD55B9 /* Info.plist */ = {isa = PBXFileReference; lastKnownFileType = text.plist.xml; path = Info.plist; sourceTree = "<group>"; };
		093304B523F6702A00FD55B9 /* EthereumSignerDemoAppTests.xctest */ = {isa = PBXFileReference; explicitFileType = wrapper.cfbundle; includeInIndex = 0; path = EthereumSignerDemoAppTests.xctest; sourceTree = BUILT_PRODUCTS_DIR; };
		093304B923F6702B00FD55B9 /* EthereumSignerDemoAppTests.swift */ = {isa = PBXFileReference; lastKnownFileType = sourcecode.swift; path = EthereumSignerDemoAppTests.swift; sourceTree = "<group>"; };
		093304BB23F6702B00FD55B9 /* Info.plist */ = {isa = PBXFileReference; lastKnownFileType = text.plist.xml; path = Info.plist; sourceTree = "<group>"; };
		093304C023F6702B00FD55B9 /* EthereumSignerDemoAppUITests.xctest */ = {isa = PBXFileReference; explicitFileType = wrapper.cfbundle; includeInIndex = 0; path = EthereumSignerDemoAppUITests.xctest; sourceTree = BUILT_PRODUCTS_DIR; };
		093304C423F6702B00FD55B9 /* EthereumSignerDemoAppUITests.swift */ = {isa = PBXFileReference; lastKnownFileType = sourcecode.swift; path = EthereumSignerDemoAppUITests.swift; sourceTree = "<group>"; };
		093304C623F6702B00FD55B9 /* Info.plist */ = {isa = PBXFileReference; lastKnownFileType = text.plist.xml; path = Info.plist; sourceTree = "<group>"; };
/* End PBXFileReference section */

/* Begin PBXFrameworksBuildPhase section */
		0933049C23F6702800FD55B9 /* Frameworks */ = {
			isa = PBXFrameworksBuildPhase;
			buildActionMask = 2147483647;
			files = (
			);
			runOnlyForDeploymentPostprocessing = 0;
		};
		093304B223F6702A00FD55B9 /* Frameworks */ = {
			isa = PBXFrameworksBuildPhase;
			buildActionMask = 2147483647;
			files = (
			);
			runOnlyForDeploymentPostprocessing = 0;
		};
		093304BD23F6702B00FD55B9 /* Frameworks */ = {
			isa = PBXFrameworksBuildPhase;
			buildActionMask = 2147483647;
			files = (
			);
			runOnlyForDeploymentPostprocessing = 0;
		};
/* End PBXFrameworksBuildPhase section */

/* Begin PBXGroup section */
		0933049623F6702800FD55B9 = {
			isa = PBXGroup;
			children = (
				093304A123F6702800FD55B9 /* EthereumSignerDemoApp */,
				093304B823F6702A00FD55B9 /* EthereumSignerDemoAppTests */,
				093304C323F6702B00FD55B9 /* EthereumSignerDemoAppUITests */,
				093304A023F6702800FD55B9 /* Products */,
			);
			sourceTree = "<group>";
		};
		093304A023F6702800FD55B9 /* Products */ = {
			isa = PBXGroup;
			children = (
				0933049F23F6702800FD55B9 /* EthereumSignerDemoApp.app */,
				093304B523F6702A00FD55B9 /* EthereumSignerDemoAppTests.xctest */,
				093304C023F6702B00FD55B9 /* EthereumSignerDemoAppUITests.xctest */,
			);
			name = Products;
			sourceTree = "<group>";
		};
		093304A123F6702800FD55B9 /* EthereumSignerDemoApp */ = {
			isa = PBXGroup;
			children = (
				093304A223F6702800FD55B9 /* AppDelegate.swift */,
				093304A423F6702800FD55B9 /* SceneDelegate.swift */,
				093304A623F6702800FD55B9 /* ViewController.swift */,
				093304A823F6702800FD55B9 /* Main.storyboard */,
				093304AB23F6702A00FD55B9 /* Assets.xcassets */,
				093304AD23F6702A00FD55B9 /* LaunchScreen.storyboard */,
				093304B023F6702A00FD55B9 /* Info.plist */,
			);
			path = EthereumSignerDemoApp;
			sourceTree = "<group>";
		};
		093304B823F6702A00FD55B9 /* EthereumSignerDemoAppTests */ = {
			isa = PBXGroup;
			children = (
				093304B923F6702B00FD55B9 /* EthereumSignerDemoAppTests.swift */,
				093304BB23F6702B00FD55B9 /* Info.plist */,
			);
			path = EthereumSignerDemoAppTests;
			sourceTree = "<group>";
		};
		093304C323F6702B00FD55B9 /* EthereumSignerDemoAppUITests */ = {
			isa = PBXGroup;
			children = (
				093304C423F6702B00FD55B9 /* EthereumSignerDemoAppUITests.swift */,
				093304C623F6702B00FD55B9 /* Info.plist */,
			);
			path = EthereumSignerDemoAppUITests;
			sourceTree = "<group>";
		};
/* End PBXGroup section */

/* Begin PBXNativeTarget section */
		0933049E23F6702800FD55B9 /* EthereumSignerDemoApp */ = {
			isa = PBXNativeTarget;
			buildConfigurationList = 093304C923F6702B00FD55B9 /* Build configuration list for PBXNativeTarget "EthereumSignerDemoApp" */;
			buildPhases = (
				0933049B23F6702800FD55B9 /* Sources */,
				0933049C23F6702800FD55B9 /* Frameworks */,
				0933049D23F6702800FD55B9 /* Resources */,
			);
			buildRules = (
			);
			dependencies = (
			);
			name = EthereumSignerDemoApp;
			productName = EthereumSignerDemoApp;
			productReference = 0933049F23F6702800FD55B9 /* EthereumSignerDemoApp.app */;
			productType = "com.apple.product-type.application";
		};
		093304B423F6702A00FD55B9 /* EthereumSignerDemoAppTests */ = {
			isa = PBXNativeTarget;
			buildConfigurationList = 093304CC23F6702B00FD55B9 /* Build configuration list for PBXNativeTarget "EthereumSignerDemoAppTests" */;
			buildPhases = (
				093304B123F6702A00FD55B9 /* Sources */,
				093304B223F6702A00FD55B9 /* Frameworks */,
				093304B323F6702A00FD55B9 /* Resources */,
			);
			buildRules = (
			);
			dependencies = (
				093304B723F6702A00FD55B9 /* PBXTargetDependency */,
			);
			name = EthereumSignerDemoAppTests;
			productName = EthereumSignerDemoAppTests;
			productReference = 093304B523F6702A00FD55B9 /* EthereumSignerDemoAppTests.xctest */;
			productType = "com.apple.product-type.bundle.unit-test";
		};
		093304BF23F6702B00FD55B9 /* EthereumSignerDemoAppUITests */ = {
			isa = PBXNativeTarget;
			buildConfigurationList = 093304CF23F6702B00FD55B9 /* Build configuration list for PBXNativeTarget "EthereumSignerDemoAppUITests" */;
			buildPhases = (
				093304BC23F6702B00FD55B9 /* Sources */,
				093304BD23F6702B00FD55B9 /* Frameworks */,
				093304BE23F6702B00FD55B9 /* Resources */,
			);
			buildRules = (
			);
			dependencies = (
				093304C223F6702B00FD55B9 /* PBXTargetDependency */,
			);
			name = EthereumSignerDemoAppUITests;
			productName = EthereumSignerDemoAppUITests;
			productReference = 093304C023F6702B00FD55B9 /* EthereumSignerDemoAppUITests.xctest */;
			productType = "com.apple.product-type.bundle.ui-testing";
		};
/* End PBXNativeTarget section */

/* Begin PBXProject section */
		0933049723F6702800FD55B9 /* Project object */ = {
			isa = PBXProject;
			attributes = {
				LastSwiftUpdateCheck = 1130;
				LastUpgradeCheck = 1130;
				ORGANIZATIONNAME = Self;
				TargetAttributes = {
					0933049E23F6702800FD55B9 = {
						CreatedOnToolsVersion = 11.3.1;
					};
					093304B423F6702A00FD55B9 = {
						CreatedOnToolsVersion = 11.3.1;
						TestTargetID = 0933049E23F6702800FD55B9;
					};
					093304BF23F6702B00FD55B9 = {
						CreatedOnToolsVersion = 11.3.1;
						TestTargetID = 0933049E23F6702800FD55B9;
					};
				};
			};
			buildConfigurationList = 0933049A23F6702800FD55B9 /* Build configuration list for PBXProject "EthereumSignerDemoApp" */;
			compatibilityVersion = "Xcode 9.3";
			developmentRegion = en;
			hasScannedForEncodings = 0;
			knownRegions = (
				en,
				Base,
			);
			mainGroup = 0933049623F6702800FD55B9;
			productRefGroup = 093304A023F6702800FD55B9 /* Products */;
			projectDirPath = "";
			projectRoot = "";
			targets = (
				0933049E23F6702800FD55B9 /* EthereumSignerDemoApp */,
				093304B423F6702A00FD55B9 /* EthereumSignerDemoAppTests */,
				093304BF23F6702B00FD55B9 /* EthereumSignerDemoAppUITests */,
			);
		};
/* End PBXProject section */

/* Begin PBXResourcesBuildPhase section */
		0933049D23F6702800FD55B9 /* Resources */ = {
			isa = PBXResourcesBuildPhase;
			buildActionMask = 2147483647;
			files = (
				093304AF23F6702A00FD55B9 /* LaunchScreen.storyboard in Resources */,
				093304AC23F6702A00FD55B9 /* Assets.xcassets in Resources */,
				093304AA23F6702800FD55B9 /* Main.storyboard in Resources */,
			);
			runOnlyForDeploymentPostprocessing = 0;
		};
		093304B323F6702A00FD55B9 /* Resources */ = {
			isa = PBXResourcesBuildPhase;
			buildActionMask = 2147483647;
			files = (
			);
			runOnlyForDeploymentPostprocessing = 0;
		};
		093304BE23F6702B00FD55B9 /* Resources */ = {
			isa = PBXResourcesBuildPhase;
			buildActionMask = 2147483647;
			files = (
			);
			runOnlyForDeploymentPostprocessing = 0;
		};
/* End PBXResourcesBuildPhase section */

/* Begin PBXSourcesBuildPhase section */
		0933049B23F6702800FD55B9 /* Sources */ = {
			isa = PBXSourcesBuildPhase;
			buildActionMask = 2147483647;
			files = (
				093304A723F6702800FD55B9 /* ViewController.swift in Sources */,
				093304A323F6702800FD55B9 /* AppDelegate.swift in Sources */,
				093304A523F6702800FD55B9 /* SceneDelegate.swift in Sources */,
			);
			runOnlyForDeploymentPostprocessing = 0;
		};
		093304B123F6702A00FD55B9 /* Sources */ = {
			isa = PBXSourcesBuildPhase;
			buildActionMask = 2147483647;
			files = (
				093304BA23F6702B00FD55B9 /* EthereumSignerDemoAppTests.swift in Sources */,
			);
			runOnlyForDeploymentPostprocessing = 0;
		};
		093304BC23F6702B00FD55B9 /* Sources */ = {
			isa = PBXSourcesBuildPhase;
			buildActionMask = 2147483647;
			files = (
				093304C523F6702B00FD55B9 /* EthereumSignerDemoAppUITests.swift in Sources */,
			);
			runOnlyForDeploymentPostprocessing = 0;
		};
/* End PBXSourcesBuildPhase section */

/* Begin PBXTargetDependency section */
		093304B723F6702A00FD55B9 /* PBXTargetDependency */ = {
			isa = PBXTargetDependency;
			target = 0933049E23F6702800FD55B9 /* EthereumSignerDemoApp */;
			targetProxy = 093304B623F6702A00FD55B9 /* PBXContainerItemProxy */;
		};
		093304C223F6702B00FD55B9 /* PBXTargetDependency */ = {
			isa = PBXTargetDependency;
			target = 0933049E23F6702800FD55B9 /* EthereumSignerDemoApp */;
			targetProxy = 093304C123F6702B00FD55B9 /* PBXContainerItemProxy */;
		};
/* End PBXTargetDependency section */

/* Begin PBXVariantGroup section */
		093304A823F6702800FD55B9 /* Main.storyboard */ = {
			isa = PBXVariantGroup;
			children = (
				093304A923F6702800FD55B9 /* Base */,
			);
			name = Main.storyboard;
			sourceTree = "<group>";
		};
		093304AD23F6702A00FD55B9 /* LaunchScreen.storyboard */ = {
			isa = PBXVariantGroup;
			children = (
				093304AE23F6702A00FD55B9 /* Base */,
			);
			name = LaunchScreen.storyboard;
			sourceTree = "<group>";
		};
/* End PBXVariantGroup section */

/* Begin XCBuildConfiguration section */
		093304C723F6702B00FD55B9 /* Debug */ = {
			isa = XCBuildConfiguration;
			buildSettings = {
				ALWAYS_SEARCH_USER_PATHS = NO;
				CLANG_ANALYZER_NONNULL = YES;
				CLANG_ANALYZER_NUMBER_OBJECT_CONVERSION = YES_AGGRESSIVE;
				CLANG_CXX_LANGUAGE_STANDARD = "gnu++14";
				CLANG_CXX_LIBRARY = "libc++";
				CLANG_ENABLE_MODULES = YES;
				CLANG_ENABLE_OBJC_ARC = YES;
				CLANG_ENABLE_OBJC_WEAK = YES;
				CLANG_WARN_BLOCK_CAPTURE_AUTORELEASING = YES;
				CLANG_WARN_BOOL_CONVERSION = YES;
				CLANG_WARN_COMMA = YES;
				CLANG_WARN_CONSTANT_CONVERSION = YES;
				CLANG_WARN_DEPRECATED_OBJC_IMPLEMENTATIONS = YES;
				CLANG_WARN_DIRECT_OBJC_ISA_USAGE = YES_ERROR;
				CLANG_WARN_DOCUMENTATION_COMMENTS = YES;
				CLANG_WARN_EMPTY_BODY = YES;
				CLANG_WARN_ENUM_CONVERSION = YES;
				CLANG_WARN_INFINITE_RECURSION = YES;
				CLANG_WARN_INT_CONVERSION = YES;
				CLANG_WARN_NON_LITERAL_NULL_CONVERSION = YES;
				CLANG_WARN_OBJC_IMPLICIT_RETAIN_SELF = YES;
				CLANG_WARN_OBJC_LITERAL_CONVERSION = YES;
				CLANG_WARN_OBJC_ROOT_CLASS = YES_ERROR;
				CLANG_WARN_RANGE_LOOP_ANALYSIS = YES;
				CLANG_WARN_STRICT_PROTOTYPES = YES;
				CLANG_WARN_SUSPICIOUS_MOVE = YES;
				CLANG_WARN_UNGUARDED_AVAILABILITY = YES_AGGRESSIVE;
				CLANG_WARN_UNREACHABLE_CODE = YES;
				CLANG_WARN__DUPLICATE_METHOD_MATCH = YES;
				COPY_PHASE_STRIP = NO;
				DEBUG_INFORMATION_FORMAT = dwarf;
				ENABLE_STRICT_OBJC_MSGSEND = YES;
				ENABLE_TESTABILITY = YES;
				GCC_C_LANGUAGE_STANDARD = gnu11;
				GCC_DYNAMIC_NO_PIC = NO;
				GCC_NO_COMMON_BLOCKS = YES;
				GCC_OPTIMIZATION_LEVEL = 0;
				GCC_PREPROCESSOR_DEFINITIONS = (
					"DEBUG=1",
					"$(inherited)",
				);
				GCC_WARN_64_TO_32_BIT_CONVERSION = YES;
				GCC_WARN_ABOUT_RETURN_TYPE = YES_ERROR;
				GCC_WARN_UNDECLARED_SELECTOR = YES;
				GCC_WARN_UNINITIALIZED_AUTOS = YES_AGGRESSIVE;
				GCC_WARN_UNUSED_FUNCTION = YES;
				GCC_WARN_UNUSED_VARIABLE = YES;
				IPHONEOS_DEPLOYMENT_TARGET = 13.2;
				MTL_ENABLE_DEBUG_INFO = INCLUDE_SOURCE;
				MTL_FAST_MATH = YES;
				ONLY_ACTIVE_ARCH = YES;
				SDKROOT = iphoneos;
				SWIFT_ACTIVE_COMPILATION_CONDITIONS = DEBUG;
				SWIFT_OPTIMIZATION_LEVEL = "-Onone";
			};
			name = Debug;
		};
		093304C823F6702B00FD55B9 /* Release */ = {
			isa = XCBuildConfiguration;
			buildSettings = {
				ALWAYS_SEARCH_USER_PATHS = NO;
				CLANG_ANALYZER_NONNULL = YES;
				CLANG_ANALYZER_NUMBER_OBJECT_CONVERSION = YES_AGGRESSIVE;
				CLANG_CXX_LANGUAGE_STANDARD = "gnu++14";
				CLANG_CXX_LIBRARY = "libc++";
				CLANG_ENABLE_MODULES = YES;
				CLANG_ENABLE_OBJC_ARC = YES;
				CLANG_ENABLE_OBJC_WEAK = YES;
				CLANG_WARN_BLOCK_CAPTURE_AUTORELEASING = YES;
				CLANG_WARN_BOOL_CONVERSION = YES;
				CLANG_WARN_COMMA = YES;
				CLANG_WARN_CONSTANT_CONVERSION = YES;
				CLANG_WARN_DEPRECATED_OBJC_IMPLEMENTATIONS = YES;
				CLANG_WARN_DIRECT_OBJC_ISA_USAGE = YES_ERROR;
				CLANG_WARN_DOCUMENTATION_COMMENTS = YES;
				CLANG_WARN_EMPTY_BODY = YES;
				CLANG_WARN_ENUM_CONVERSION = YES;
				CLANG_WARN_INFINITE_RECURSION = YES;
				CLANG_WARN_INT_CONVERSION = YES;
				CLANG_WARN_NON_LITERAL_NULL_CONVERSION = YES;
				CLANG_WARN_OBJC_IMPLICIT_RETAIN_SELF = YES;
				CLANG_WARN_OBJC_LITERAL_CONVERSION = YES;
				CLANG_WARN_OBJC_ROOT_CLASS = YES_ERROR;
				CLANG_WARN_RANGE_LOOP_ANALYSIS = YES;
				CLANG_WARN_STRICT_PROTOTYPES = YES;
				CLANG_WARN_SUSPICIOUS_MOVE = YES;
				CLANG_WARN_UNGUARDED_AVAILABILITY = YES_AGGRESSIVE;
				CLANG_WARN_UNREACHABLE_CODE = YES;
				CLANG_WARN__DUPLICATE_METHOD_MATCH = YES;
				COPY_PHASE_STRIP = NO;
				DEBUG_INFORMATION_FORMAT = "dwarf-with-dsym";
				ENABLE_NS_ASSERTIONS = NO;
				ENABLE_STRICT_OBJC_MSGSEND = YES;
				GCC_C_LANGUAGE_STANDARD = gnu11;
				GCC_NO_COMMON_BLOCKS = YES;
				GCC_WARN_64_TO_32_BIT_CONVERSION = YES;
				GCC_WARN_ABOUT_RETURN_TYPE = YES_ERROR;
				GCC_WARN_UNDECLARED_SELECTOR = YES;
				GCC_WARN_UNINITIALIZED_AUTOS = YES_AGGRESSIVE;
				GCC_WARN_UNUSED_FUNCTION = YES;
				GCC_WARN_UNUSED_VARIABLE = YES;
				IPHONEOS_DEPLOYMENT_TARGET = 13.2;
				MTL_ENABLE_DEBUG_INFO = NO;
				MTL_FAST_MATH = YES;
				SDKROOT = iphoneos;
				SWIFT_COMPILATION_MODE = wholemodule;
				SWIFT_OPTIMIZATION_LEVEL = "-O";
				VALIDATE_PRODUCT = YES;
			};
			name = Release;
		};
		093304CA23F6702B00FD55B9 /* Debug */ = {
			isa = XCBuildConfiguration;
			buildSettings = {
				ASSETCATALOG_COMPILER_APPICON_NAME = AppIcon;
				CODE_SIGN_STYLE = Automatic;
				DEVELOPMENT_TEAM = DZFQPM8QFR;
				INFOPLIST_FILE = EthereumSignerDemoApp/Info.plist;
				IPHONEOS_DEPLOYMENT_TARGET = 13.0;
				LD_RUNPATH_SEARCH_PATHS = (
					"$(inherited)",
					"@executable_path/Frameworks",
				);
				PRODUCT_BUNDLE_IDENTIFIER = self.EthereumSignerDemoApp;
				PRODUCT_NAME = "$(TARGET_NAME)";
				SWIFT_VERSION = 5.0;
				TARGETED_DEVICE_FAMILY = 1;
			};
			name = Debug;
		};
		093304CB23F6702B00FD55B9 /* Release */ = {
			isa = XCBuildConfiguration;
			buildSettings = {
				ASSETCATALOG_COMPILER_APPICON_NAME = AppIcon;
				CODE_SIGN_STYLE = Automatic;
				DEVELOPMENT_TEAM = DZFQPM8QFR;
				INFOPLIST_FILE = EthereumSignerDemoApp/Info.plist;
				IPHONEOS_DEPLOYMENT_TARGET = 13.0;
				LD_RUNPATH_SEARCH_PATHS = (
					"$(inherited)",
					"@executable_path/Frameworks",
				);
				PRODUCT_BUNDLE_IDENTIFIER = self.EthereumSignerDemoApp;
				PRODUCT_NAME = "$(TARGET_NAME)";
				SWIFT_VERSION = 5.0;
				TARGETED_DEVICE_FAMILY = 1;
			};
			name = Release;
		};
		093304CD23F6702B00FD55B9 /* Debug */ = {
			isa = XCBuildConfiguration;
			buildSettings = {
				ALWAYS_EMBED_SWIFT_STANDARD_LIBRARIES = YES;
				BUNDLE_LOADER = "$(TEST_HOST)";
				CODE_SIGN_STYLE = Automatic;
				INFOPLIST_FILE = EthereumSignerDemoAppTests/Info.plist;
				IPHONEOS_DEPLOYMENT_TARGET = 13.2;
				LD_RUNPATH_SEARCH_PATHS = (
					"$(inherited)",
					"@executable_path/Frameworks",
					"@loader_path/Frameworks",
				);
				PRODUCT_BUNDLE_IDENTIFIER = self.EthereumSignerDemoAppTests;
				PRODUCT_NAME = "$(TARGET_NAME)";
				SWIFT_VERSION = 5.0;
				TARGETED_DEVICE_FAMILY = "1,2";
				TEST_HOST = "$(BUILT_PRODUCTS_DIR)/EthereumSignerDemoApp.app/EthereumSignerDemoApp";
			};
			name = Debug;
		};
		093304CE23F6702B00FD55B9 /* Release */ = {
			isa = XCBuildConfiguration;
			buildSettings = {
				ALWAYS_EMBED_SWIFT_STANDARD_LIBRARIES = YES;
				BUNDLE_LOADER = "$(TEST_HOST)";
				CODE_SIGN_STYLE = Automatic;
				INFOPLIST_FILE = EthereumSignerDemoAppTests/Info.plist;
				IPHONEOS_DEPLOYMENT_TARGET = 13.2;
				LD_RUNPATH_SEARCH_PATHS = (
					"$(inherited)",
					"@executable_path/Frameworks",
					"@loader_path/Frameworks",
				);
				PRODUCT_BUNDLE_IDENTIFIER = self.EthereumSignerDemoAppTests;
				PRODUCT_NAME = "$(TARGET_NAME)";
				SWIFT_VERSION = 5.0;
				TARGETED_DEVICE_FAMILY = "1,2";
				TEST_HOST = "$(BUILT_PRODUCTS_DIR)/EthereumSignerDemoApp.app/EthereumSignerDemoApp";
			};
			name = Release;
		};
		093304D023F6702B00FD55B9 /* Debug */ = {
			isa = XCBuildConfiguration;
			buildSettings = {
				ALWAYS_EMBED_SWIFT_STANDARD_LIBRARIES = YES;
				CODE_SIGN_STYLE = Automatic;
				INFOPLIST_FILE = EthereumSignerDemoAppUITests/Info.plist;
				LD_RUNPATH_SEARCH_PATHS = (
					"$(inherited)",
					"@executable_path/Frameworks",
					"@loader_path/Frameworks",
				);
				PRODUCT_BUNDLE_IDENTIFIER = self.EthereumSignerDemoAppUITests;
				PRODUCT_NAME = "$(TARGET_NAME)";
				SWIFT_VERSION = 5.0;
				TARGETED_DEVICE_FAMILY = "1,2";
				TEST_TARGET_NAME = EthereumSignerDemoApp;
			};
			name = Debug;
		};
		093304D123F6702B00FD55B9 /* Release */ = {
			isa = XCBuildConfiguration;
			buildSettings = {
				ALWAYS_EMBED_SWIFT_STANDARD_LIBRARIES = YES;
				CODE_SIGN_STYLE = Automatic;
				INFOPLIST_FILE = EthereumSignerDemoAppUITests/Info.plist;
				LD_RUNPATH_SEARCH_PATHS = (
					"$(inherited)",
					"@executable_path/Frameworks",
					"@loader_path/Frameworks",
				);
				PRODUCT_BUNDLE_IDENTIFIER = self.EthereumSignerDemoAppUITests;
				PRODUCT_NAME = "$(TARGET_NAME)";
				SWIFT_VERSION = 5.0;
				TARGETED_DEVICE_FAMILY = "1,2";
				TEST_TARGET_NAME = EthereumSignerDemoApp;
			};
			name = Release;
		};
/* End XCBuildConfiguration section */

/* Begin XCConfigurationList section */
		0933049A23F6702800FD55B9 /* Build configuration list for PBXProject "EthereumSignerDemoApp" */ = {
			isa = XCConfigurationList;
			buildConfigurations = (
				093304C723F6702B00FD55B9 /* Debug */,
				093304C823F6702B00FD55B9 /* Release */,
			);
			defaultConfigurationIsVisible = 0;
			defaultConfigurationName = Release;
		};
		093304C923F6702B00FD55B9 /* Build configuration list for PBXNativeTarget "EthereumSignerDemoApp" */ = {
			isa = XCConfigurationList;
			buildConfigurations = (
				093304CA23F6702B00FD55B9 /* Debug */,
				093304CB23F6702B00FD55B9 /* Release */,
			);
			defaultConfigurationIsVisible = 0;
			defaultConfigurationName = Release;
		};
		093304CC23F6702B00FD55B9 /* Build configuration list for PBXNativeTarget "EthereumSignerDemoAppTests" */ = {
			isa = XCConfigurationList;
			buildConfigurations = (
				093304CD23F6702B00FD55B9 /* Debug */,
				093304CE23F6702B00FD55B9 /* Release */,
			);
			defaultConfigurationIsVisible = 0;
			defaultConfigurationName = Release;
		};
		093304CF23F6702B00FD55B9 /* Build configuration list for PBXNativeTarget "EthereumSignerDemoAppUITests" */ = {
			isa = XCConfigurationList;
			buildConfigurations = (
				093304D023F6702B00FD55B9 /* Debug */,
				093304D123F6702B00FD55B9 /* Release */,
			);
			defaultConfigurationIsVisible = 0;
			defaultConfigurationName = Release;
		};
/* End XCConfigurationList section */
	};
	rootObject = 0933049723F6702800FD55B9 /* Project object */;
}
